// !$*UTF8*$!
{
	archiveVersion = 1;
	classes = {
	};
	objectVersion = 46;
	objects = {

/* Begin PBXBuildFile section */
		6456948F1FBA2C880056703F /* WhiteViewController.swift in Sources */ = {isa = PBXBuildFile; fileRef = 6456948E1FBA2C880056703F /* WhiteViewController.swift */; };
		6465B2BD1F695BD900449629 /* AppDelegate.swift in Sources */ = {isa = PBXBuildFile; fileRef = 6465B2BC1F695BD900449629 /* AppDelegate.swift */; };
		6465B2BF1F695BD900449629 /* ViewController.swift in Sources */ = {isa = PBXBuildFile; fileRef = 6465B2BE1F695BD900449629 /* ViewController.swift */; };
		6465B2C21F695BD900449629 /* Main.storyboard in Resources */ = {isa = PBXBuildFile; fileRef = 6465B2C01F695BD900449629 /* Main.storyboard */; };
		6465B2C41F695BD900449629 /* Assets.xcassets in Resources */ = {isa = PBXBuildFile; fileRef = 6465B2C31F695BD900449629 /* Assets.xcassets */; };
		6465B2C71F695BD900449629 /* LaunchScreen.storyboard in Resources */ = {isa = PBXBuildFile; fileRef = 6465B2C51F695BD900449629 /* LaunchScreen.storyboard */; };
		6465B2CF1F69609C00449629 /* YellowViewController.swift in Sources */ = {isa = PBXBuildFile; fileRef = 6465B2CE1F69609C00449629 /* YellowViewController.swift */; };
		6465B2D11F6960B600449629 /* GreenViewController.swift in Sources */ = {isa = PBXBuildFile; fileRef = 6465B2D01F6960B600449629 /* GreenViewController.swift */; };
		6465B2D31F6960CF00449629 /* RedViewController.swift in Sources */ = {isa = PBXBuildFile; fileRef = 6465B2D21F6960CF00449629 /* RedViewController.swift */; };
		6465B2D51F6960DE00449629 /* BlueViewController.swift in Sources */ = {isa = PBXBuildFile; fileRef = 6465B2D41F6960DE00449629 /* BlueViewController.swift */; };
/* End PBXBuildFile section */

/* Begin PBXFileReference section */
		6456948E1FBA2C880056703F /* WhiteViewController.swift */ = {isa = PBXFileReference; lastKnownFileType = sourcecode.swift; path = WhiteViewController.swift; sourceTree = "<group>"; };
		6465B2B91F695BD900449629 /* Gesture.app */ = {isa = PBXFileReference; explicitFileType = wrapper.application; includeInIndex = 0; path = Gesture.app; sourceTree = BUILT_PRODUCTS_DIR; };
		6465B2BC1F695BD900449629 /* AppDelegate.swift */ = {isa = PBXFileReference; lastKnownFileType = sourcecode.swift; path = AppDelegate.swift; sourceTree = "<group>"; };
		6465B2BE1F695BD900449629 /* ViewController.swift */ = {isa = PBXFileReference; lastKnownFileType = sourcecode.swift; path = ViewController.swift; sourceTree = "<group>"; };
		6465B2C11F695BD900449629 /* Base */ = {isa = PBXFileReference; lastKnownFileType = file.storyboard; name = Base; path = Base.lproj/Main.storyboard; sourceTree = "<group>"; };
		6465B2C31F695BD900449629 /* Assets.xcassets */ = {isa = PBXFileReference; lastKnownFileType = folder.assetcatalog; path = Assets.xcassets; sourceTree = "<group>"; };
		6465B2C61F695BD900449629 /* Base */ = {isa = PBXFileReference; lastKnownFileType = file.storyboard; name = Base; path = Base.lproj/LaunchScreen.storyboard; sourceTree = "<group>"; };
		6465B2C81F695BD900449629 /* Info.plist */ = {isa = PBXFileReference; lastKnownFileType = text.plist.xml; path = Info.plist; sourceTree = "<group>"; };
		6465B2CE1F69609C00449629 /* YellowViewController.swift */ = {isa = PBXFileReference; fileEncoding = 4; lastKnownFileType = sourcecode.swift; path = YellowViewController.swift; sourceTree = "<group>"; };
		6465B2D01F6960B600449629 /* GreenViewController.swift */ = {isa = PBXFileReference; fileEncoding = 4; lastKnownFileType = sourcecode.swift; path = GreenViewController.swift; sourceTree = "<group>"; };
		6465B2D21F6960CF00449629 /* RedViewController.swift */ = {isa = PBXFileReference; fileEncoding = 4; lastKnownFileType = sourcecode.swift; path = RedViewController.swift; sourceTree = "<group>"; };
		6465B2D41F6960DE00449629 /* BlueViewController.swift */ = {isa = PBXFileReference; fileEncoding = 4; lastKnownFileType = sourcecode.swift; path = BlueViewController.swift; sourceTree = "<group>"; };
		64A048D81F7AC5F0000D7D05 /* GoogleService-Info.plist */ = {isa = PBXFileReference; lastKnownFileType = text.plist.xml; path = "GoogleService-Info.plist"; sourceTree = "<group>"; };
/* End PBXFileReference section */

/* Begin PBXFrameworksBuildPhase section */
		6465B2B61F695BD900449629 /* Frameworks */ = {
			isa = PBXFrameworksBuildPhase;
			buildActionMask = 2147483647;
			files = (
			);
			runOnlyForDeploymentPostprocessing = 0;
		};
/* End PBXFrameworksBuildPhase section */

/* Begin PBXGroup section */
		6465B2B01F695BD900449629 = {
			isa = PBXGroup;
			children = (
				6465B2BB1F695BD900449629 /* Gesture */,
				6465B2BA1F695BD900449629 /* Products */,
			);
			sourceTree = "<group>";
		};
		6465B2BA1F695BD900449629 /* Products */ = {
			isa = PBXGroup;
			children = (
				6465B2B91F695BD900449629 /* Gesture.app */,
			);
			name = Products;
			sourceTree = "<group>";
		};
		6465B2BB1F695BD900449629 /* Gesture */ = {
			isa = PBXGroup;
			children = (
				6465B2BC1F695BD900449629 /* AppDelegate.swift */,
				6465B2BE1F695BD900449629 /* ViewController.swift */,
				6465B2C01F695BD900449629 /* Main.storyboard */,
				6456948E1FBA2C880056703F /* WhiteViewController.swift */,
				6465B2D21F6960CF00449629 /* RedViewController.swift */,
				6465B2D41F6960DE00449629 /* BlueViewController.swift */,
				6465B2CE1F69609C00449629 /* YellowViewController.swift */,
				6465B2D01F6960B600449629 /* GreenViewController.swift */,
				6465B2C31F695BD900449629 /* Assets.xcassets */,
				6465B2C51F695BD900449629 /* LaunchScreen.storyboard */,
				6465B2C81F695BD900449629 /* Info.plist */,
				64A048D81F7AC5F0000D7D05 /* GoogleService-Info.plist */,
			);
			path = Gesture;
			sourceTree = "<group>";
		};
/* End PBXGroup section */

/* Begin PBXNativeTarget section */
		6465B2B81F695BD900449629 /* Gesture */ = {
			isa = PBXNativeTarget;
			buildConfigurationList = 6465B2CB1F695BD900449629 /* Build configuration list for PBXNativeTarget "Gesture" */;
			buildPhases = (
				6465B2B51F695BD900449629 /* Sources */,
				6465B2B61F695BD900449629 /* Frameworks */,
				6465B2B71F695BD900449629 /* Resources */,
			);
			buildRules = (
			);
			dependencies = (
			);
			name = Gesture;
			productName = Gesture;
			productReference = 6465B2B91F695BD900449629 /* Gesture.app */;
			productType = "com.apple.product-type.application";
		};
/* End PBXNativeTarget section */

/* Begin PBXProject section */
		6465B2B11F695BD900449629 /* Project object */ = {
			isa = PBXProject;
			attributes = {
				LastSwiftUpdateCheck = 0830;
				LastUpgradeCheck = 0900;
				ORGANIZATIONNAME = Orchidea;
				TargetAttributes = {
					6465B2B81F695BD900449629 = {
						CreatedOnToolsVersion = 8.3.3;
						DevelopmentTeam = F43GEUGFWD;
						ProvisioningStyle = Automatic;
					};
				};
			};
			buildConfigurationList = 6465B2B41F695BD900449629 /* Build configuration list for PBXProject "Gesture" */;
			compatibilityVersion = "Xcode 3.2";
			developmentRegion = English;
			hasScannedForEncodings = 0;
			knownRegions = (
				en,
				Base,
			);
			mainGroup = 6465B2B01F695BD900449629;
			productRefGroup = 6465B2BA1F695BD900449629 /* Products */;
			projectDirPath = "";
			projectRoot = "";
			targets = (
				6465B2B81F695BD900449629 /* Gesture */,
			);
		};
/* End PBXProject section */

/* Begin PBXResourcesBuildPhase section */
		6465B2B71F695BD900449629 /* Resources */ = {
			isa = PBXResourcesBuildPhase;
			buildActionMask = 2147483647;
			files = (
				6465B2C71F695BD900449629 /* LaunchScreen.storyboard in Resources */,
				6465B2C41F695BD900449629 /* Assets.xcassets in Resources */,
				6465B2C21F695BD900449629 /* Main.storyboard in Resources */,
			);
			runOnlyForDeploymentPostprocessing = 0;
		};
/* End PBXResourcesBuildPhase section */

/* Begin PBXSourcesBuildPhase section */
		6465B2B51F695BD900449629 /* Sources */ = {
			isa = PBXSourcesBuildPhase;
			buildActionMask = 2147483647;
			files = (
				6465B2D31F6960CF00449629 /* RedViewController.swift in Sources */,
				6456948F1FBA2C880056703F /* WhiteViewController.swift in Sources */,
				6465B2D11F6960B600449629 /* GreenViewController.swift in Sources */,
				6465B2BF1F695BD900449629 /* ViewController.swift in Sources */,
				6465B2CF1F69609C00449629 /* YellowViewController.swift in Sources */,
				6465B2D51F6960DE00449629 /* BlueViewController.swift in Sources */,
				6465B2BD1F695BD900449629 /* AppDelegate.swift in Sources */,
			);
			runOnlyForDeploymentPostprocessing = 0;
		};
/* End PBXSourcesBuildPhase section */

/* Begin PBXVariantGroup section */
		6465B2C01F695BD900449629 /* Main.storyboard */ = {
			isa = PBXVariantGroup;
			children = (
				6465B2C11F695BD900449629 /* Base */,
			);
			name = Main.storyboard;
			sourceTree = "<group>";
		};
		6465B2C51F695BD900449629 /* LaunchScreen.storyboard */ = {
			isa = PBXVariantGroup;
			children = (
				6465B2C61F695BD900449629 /* Base */,
			);
			name = LaunchScreen.storyboard;
			sourceTree = "<group>";
		};
/* End PBXVariantGroup section */

/* Begin XCBuildConfiguration section */
		6465B2C91F695BD900449629 /* Debug */ = {
			isa = XCBuildConfiguration;
			buildSettings = {
				ALWAYS_SEARCH_USER_PATHS = NO;
				CLANG_ANALYZER_NONNULL = YES;
				CLANG_ANALYZER_NUMBER_OBJECT_CONVERSION = YES_AGGRESSIVE;
				CLANG_CXX_LANGUAGE_STANDARD = "gnu++0x";
				CLANG_CXX_LIBRARY = "libc++";
				CLANG_ENABLE_MODULES = YES;
				CLANG_ENABLE_OBJC_ARC = YES;
				CLANG_WARN_BLOCK_CAPTURE_AUTORELEASING = YES;
				CLANG_WARN_BOOL_CONVERSION = YES;
				CLANG_WARN_COMMA = YES;
				CLANG_WARN_CONSTANT_CONVERSION = YES;
				CLANG_WARN_DIRECT_OBJC_ISA_USAGE = YES_ERROR;
				CLANG_WARN_DOCUMENTATION_COMMENTS = YES;
				CLANG_WARN_EMPTY_BODY = YES;
				CLANG_WARN_ENUM_CONVERSION = YES;
				CLANG_WARN_INFINITE_RECURSION = YES;
				CLANG_WARN_INT_CONVERSION = YES;
				CLANG_WARN_NON_LITERAL_NULL_CONVERSION = YES;
				CLANG_WARN_OBJC_LITERAL_CONVERSION = YES;
				CLANG_WARN_OBJC_ROOT_CLASS = YES_ERROR;
				CLANG_WARN_RANGE_LOOP_ANALYSIS = YES;
				CLANG_WARN_STRICT_PROTOTYPES = YES;
				CLANG_WARN_SUSPICIOUS_MOVE = YES;
				CLANG_WARN_UNREACHABLE_CODE = YES;
				CLANG_WARN__DUPLICATE_METHOD_MATCH = YES;
				"CODE_SIGN_IDENTITY[sdk=iphoneos*]" = "iPhone Developer";
				COPY_PHASE_STRIP = NO;
				DEBUG_INFORMATION_FORMAT = dwarf;
				ENABLE_STRICT_OBJC_MSGSEND = YES;
				ENABLE_TESTABILITY = YES;
				GCC_C_LANGUAGE_STANDARD = gnu99;
				GCC_DYNAMIC_NO_PIC = NO;
				GCC_NO_COMMON_BLOCKS = YES;
				GCC_OPTIMIZATION_LEVEL = 0;
				GCC_PREPROCESSOR_DEFINITIONS = (
					"DEBUG=1",
					"$(inherited)",
				);
				GCC_WARN_64_TO_32_BIT_CONVERSION = YES;
				GCC_WARN_ABOUT_RETURN_TYPE = YES_ERROR;
				GCC_WARN_UNDECLARED_SELECTOR = YES;
				GCC_WARN_UNINITIALIZED_AUTOS = YES_AGGRESSIVE;
				GCC_WARN_UNUSED_FUNCTION = YES;
				GCC_WARN_UNUSED_VARIABLE = YES;
				IPHONEOS_DEPLOYMENT_TARGET = 10.3;
				MTL_ENABLE_DEBUG_INFO = YES;
				ONLY_ACTIVE_ARCH = YES;
				SDKROOT = iphoneos;
				SWIFT_ACTIVE_COMPILATION_CONDITIONS = DEBUG;
				SWIFT_OPTIMIZATION_LEVEL = "-Onone";
				TARGETED_DEVICE_FAMILY = "1,2";
			};
			name = Debug;
		};
		6465B2CA1F695BD900449629 /* Release */ = {
			isa = XCBuildConfiguration;
			buildSettings = {
				ALWAYS_SEARCH_USER_PATHS = NO;
				CLANG_ANALYZER_NONNULL = YES;
				CLANG_ANALYZER_NUMBER_OBJECT_CONVERSION = YES_AGGRESSIVE;
				CLANG_CXX_LANGUAGE_STANDARD = "gnu++0x";
				CLANG_CXX_LIBRARY = "libc++";
				CLANG_ENABLE_MODULES = YES;
				CLANG_ENABLE_OBJC_ARC = YES;
				CLANG_WARN_BLOCK_CAPTURE_AUTORELEASING = YES;
				CLANG_WARN_BOOL_CONVERSION = YES;
				CLANG_WARN_COMMA = YES;
				CLANG_WARN_CONSTANT_CONVERSION = YES;
				CLANG_WARN_DIRECT_OBJC_ISA_USAGE = YES_ERROR;
				CLANG_WARN_DOCUMENTATION_COMMENTS = YES;
				CLANG_WARN_EMPTY_BODY = YES;
				CLANG_WARN_ENUM_CONVERSION = YES;
				CLANG_WARN_INFINITE_RECURSION = YES;
				CLANG_WARN_INT_CONVERSION = YES;
				CLANG_WARN_NON_LITERAL_NULL_CONVERSION = YES;
				CLANG_WARN_OBJC_LITERAL_CONVERSION = YES;
				CLANG_WARN_OBJC_ROOT_CLASS = YES_ERROR;
				CLANG_WARN_RANGE_LOOP_ANALYSIS = YES;
				CLANG_WARN_STRICT_PROTOTYPES = YES;
				CLANG_WARN_SUSPICIOUS_MOVE = YES;
				CLANG_WARN_UNREACHABLE_CODE = YES;
				CLANG_WARN__DUPLICATE_METHOD_MATCH = YES;
				"CODE_SIGN_IDENTITY[sdk=iphoneos*]" = "iPhone Developer";
				COPY_PHASE_STRIP = NO;
				DEBUG_INFORMATION_FORMAT = "dwarf-with-dsym";
				ENABLE_NS_ASSERTIONS = NO;
				ENABLE_STRICT_OBJC_MSGSEND = YES;
				GCC_C_LANGUAGE_STANDARD = gnu99;
				GCC_NO_COMMON_BLOCKS = YES;
				GCC_WARN_64_TO_32_BIT_CONVERSION = YES;
				GCC_WARN_ABOUT_RETURN_TYPE = YES_ERROR;
				GCC_WARN_UNDECLARED_SELECTOR = YES;
				GCC_WARN_UNINITIALIZED_AUTOS = YES_AGGRESSIVE;
				GCC_WARN_UNUSED_FUNCTION = YES;
				GCC_WARN_UNUSED_VARIABLE = YES;
				IPHONEOS_DEPLOYMENT_TARGET = 10.3;
				MTL_ENABLE_DEBUG_INFO = NO;
				SDKROOT = iphoneos;
				SWIFT_OPTIMIZATION_LEVEL = "-Owholemodule";
				TARGETED_DEVICE_FAMILY = "1,2";
				VALIDATE_PRODUCT = YES;
			};
			name = Release;
		};
		6465B2CC1F695BD900449629 /* Debug */ = {
			isa = XCBuildConfiguration;
			buildSettings = {
				ASSETCATALOG_COMPILER_APPICON_NAME = AppIcon;
				DEVELOPMENT_TEAM = F43GEUGFWD;
				INFOPLIST_FILE = Gesture/Info.plist;
				LD_RUNPATH_SEARCH_PATHS = "$(inherited) @executable_path/Frameworks";
				PRODUCT_BUNDLE_IDENTIFIER = fair.Gesture;
				PRODUCT_NAME = "$(TARGET_NAME)";
				SWIFT_VERSION = 3.0;
			};
			name = Debug;
		};
		6465B2CD1F695BD900449629 /* Release */ = {
			isa = XCBuildConfiguration;
			buildSettings = {
				ASSETCATALOG_COMPILER_APPICON_NAME = AppIcon;
				DEVELOPMENT_TEAM = F43GEUGFWD;
				INFOPLIST_FILE = Gesture/Info.plist;
				LD_RUNPATH_SEARCH_PATHS = "$(inherited) @executable_path/Frameworks";
				PRODUCT_BUNDLE_IDENTIFIER = fair.Gesture;
				PRODUCT_NAME = "$(TARGET_NAME)";
				SWIFT_VERSION = 3.0;
			};
			name = Release;
		};
/* End XCBuildConfiguration section */

/* Begin XCConfigurationList section */
		6465B2B41F695BD900449629 /* Build configuration list for PBXProject "Gesture" */ = {
			isa = XCConfigurationList;
			buildConfigurations = (
				6465B2C91F695BD900449629 /* Debug */,
				6465B2CA1F695BD900449629 /* Release */,
			);
			defaultConfigurationIsVisible = 0;
			defaultConfigurationName = Release;
		};
		6465B2CB1F695BD900449629 /* Build configuration list for PBXNativeTarget "Gesture" */ = {
			isa = XCConfigurationList;
			buildConfigurations = (
				6465B2CC1F695BD900449629 /* Debug */,
				6465B2CD1F695BD900449629 /* Release */,
			);
			defaultConfigurationIsVisible = 0;
			defaultConfigurationName = Release;
		};
/* End XCConfigurationList section */
	};
	rootObject = 6465B2B11F695BD900449629 /* Project object */;
}
